{
  "name": "tiantong-frontend-security-tools",
  "version": "1.0.0",
  "lockfileVersion": 3,
  "requires": true,
  "packages": {
    "": {
      "name": "tiantong-frontend-security-tools",
      "version": "1.0.0",
      "devDependencies": {
        "acorn": "file:vendor/acorn-8.17.0.tgz"
      }
    },
    "node_modules/acorn": {
      "version": "8.17.0",
      "resolved": "file:vendor/acorn-8.17.0.tgz",
      "integrity": "sha512-xRQbDb9BnwDafYNn6Vwl839DYVjqXYb1XVGtWAZ1kcDc6iwAL4hg3B1dZlRiuENFeO2H53gFG3in621AdERVAg==",
      "dev": true,
      "license": "MIT",
      "bin": {
        "acorn": "bin/acorn"
      },
      "engines": {
        "node": ">=0.4.0"
      }
    }
  }
}
